
Microsoft Visual Studio Solution File, Format Version 12.00
# Visual Studio Version 16
VisualStudioVersion = 16.0.31613.86
MinimumVisualStudioVersion = 10.0.40219.1
Project("{9A19103F-16F7-4668-BE54-9A1E7A4F7556}") = "SF.Mod9.Events", "SF.Mod9.ExceptionsAndEvents\SF.Mod9.Events.csproj", "{C917E4C5-6CDE-4CEE-AE22-C520B7E7817A}"
EndProject
Global
	GlobalSection(SolutionConfigurationPlatforms) = preSolution
		Debug|Any CPU = Debug|Any CPU
		Release|Any CPU = Release|Any CPU
	EndGlobalSection
	GlobalSection(ProjectConfigurationPlatforms) = postSolution
		{C917E4C5-6CDE-4CEE-AE22-C520B7E7817A}.Debug|Any CPU.ActiveCfg = Debug|Any CPU
		{C917E4C5-6CDE-4CEE-AE22-C520B7E7817A}.Debug|Any CPU.Build.0 = Debug|Any CPU
		{C917E4C5-6CDE-4CEE-AE22-C520B7E7817A}.Release|Any CPU.ActiveCfg = Release|Any CPU
		{C917E4C5-6CDE-4CEE-AE22-C520B7E7817A}.Release|Any CPU.Build.0 = Release|Any CPU
	EndGlobalSection
	GlobalSection(SolutionProperties) = preSolution
		HideSolutionNode = FALSE
	EndGlobalSection
	GlobalSection(ExtensibilityGlobals) = postSolution
		SolutionGuid = {52530044-702A-4C00-A84E-5CDFE6802009}
	EndGlobalSection
EndGlobal
